
Microsoft Visual Studio Solution File, Format Version 12.00
# Visual Studio Version 16
VisualStudioVersion = 16.0.30611.23
MinimumVisualStudioVersion = 10.0.40219.1
Project("{FAE04EC0-301F-11D3-BF4B-00C04F79EFBC}") = "Kıyafet", "Kıyafet\Kıyafet.csproj", "{1A25E76F-BCB2-4D9B-84F9-B83A675E0201}"
EndProject
Global
	GlobalSection(SolutionConfigurationPlatforms) = preSolution
		Debug|Any CPU = Debug|Any CPU
		Release|Any CPU = Release|Any CPU
	EndGlobalSection
	GlobalSection(ProjectConfigurationPlatforms) = postSolution
		{1A25E76F-BCB2-4D9B-84F9-B83A675E0201}.Debug|Any CPU.ActiveCfg = Debug|Any CPU
		{1A25E76F-BCB2-4D9B-84F9-B83A675E0201}.Debug|Any CPU.Build.0 = Debug|Any CPU
		{1A25E76F-BCB2-4D9B-84F9-B83A675E0201}.Release|Any CPU.ActiveCfg = Release|Any CPU
		{1A25E76F-BCB2-4D9B-84F9-B83A675E0201}.Release|Any CPU.Build.0 = Release|Any CPU
	EndGlobalSection
	GlobalSection(SolutionProperties) = preSolution
		HideSolutionNode = FALSE
	EndGlobalSection
	GlobalSection(ExtensibilityGlobals) = postSolution
		SolutionGuid = {38FEABF4-2CBF-4504-881E-E3A941AF0832}
	EndGlobalSection
EndGlobal
